
Microsoft Visual Studio Solution File, Format Version 12.00
# Visual Studio Version 17
VisualStudioVersion = 17.3.32929.385
MinimumVisualStudioVersion = 10.0.40219.1
Project("{FAE04EC0-301F-11D3-BF4B-00C04F79EFBC}") = "SupportApp", "SupportApp\SupportApp.csproj", "{974EFB8B-898C-4BCF-89F1-84F4D311C480}"
EndProject
Global
	GlobalSection(SolutionConfigurationPlatforms) = preSolution
		Debug|Any CPU = Debug|Any CPU
		Release|Any CPU = Release|Any CPU
	EndGlobalSection
	GlobalSection(ProjectConfigurationPlatforms) = postSolution
		{974EFB8B-898C-4BCF-89F1-84F4D311C480}.Debug|Any CPU.ActiveCfg = Debug|Any CPU
		{974EFB8B-898C-4BCF-89F1-84F4D311C480}.Debug|Any CPU.Build.0 = Debug|Any CPU
		{974EFB8B-898C-4BCF-89F1-84F4D311C480}.Release|Any CPU.ActiveCfg = Release|Any CPU
		{974EFB8B-898C-4BCF-89F1-84F4D311C480}.Release|Any CPU.Build.0 = Release|Any CPU
	EndGlobalSection
	GlobalSection(SolutionProperties) = preSolution
		HideSolutionNode = FALSE
	EndGlobalSection
	GlobalSection(ExtensibilityGlobals) = postSolution
		SolutionGuid = {5F248A9D-65C5-47C6-90F4-8F448871E2D0}
	EndGlobalSection
EndGlobal
